// !$*UTF8*$!
{
	archiveVersion = 1;
	classes = {
	};
	objectVersion = 56;
	objects = {

/* Begin PBXBuildFile section */
		B77CB9AD290141DA00C256A1 /* Rocket_Focus_2App.swift in Sources */ = {isa = PBXBuildFile; fileRef = B77CB9AC290141DA00C256A1 /* Rocket_Focus_2App.swift */; };
		B77CB9AF290141DA00C256A1 /* ContentView.swift in Sources */ = {isa = PBXBuildFile; fileRef = B77CB9AE290141DA00C256A1 /* ContentView.swift */; };
		B77CB9B1290141DA00C256A1 /* Assets.xcassets in Resources */ = {isa = PBXBuildFile; fileRef = B77CB9B0290141DA00C256A1 /* Assets.xcassets */; };
		B77CB9B4290141DA00C256A1 /* Preview Assets.xcassets in Resources */ = {isa = PBXBuildFile; fileRef = B77CB9B3290141DA00C256A1 /* Preview Assets.xcassets */; };
		B77CB9BE290141DB00C256A1 /* Rocket_Focus_2Tests.swift in Sources */ = {isa = PBXBuildFile; fileRef = B77CB9BD290141DB00C256A1 /* Rocket_Focus_2Tests.swift */; };
		B77CB9C8290141DB00C256A1 /* Rocket_Focus_2UITests.swift in Sources */ = {isa = PBXBuildFile; fileRef = B77CB9C7290141DB00C256A1 /* Rocket_Focus_2UITests.swift */; };
		B77CB9CA290141DB00C256A1 /* Rocket_Focus_2UITestsLaunchTests.swift in Sources */ = {isa = PBXBuildFile; fileRef = B77CB9C9290141DB00C256A1 /* Rocket_Focus_2UITestsLaunchTests.swift */; };
		B77CB9D82901691300C256A1 /* TimeHandler.swift in Sources */ = {isa = PBXBuildFile; fileRef = B77CB9D72901691300C256A1 /* TimeHandler.swift */; };
		B77CB9DA2901693700C256A1 /* Constants.swift in Sources */ = {isa = PBXBuildFile; fileRef = B77CB9D92901693700C256A1 /* Constants.swift */; };
		B77CB9DC290169AB00C256A1 /* Int+Additions.swift in Sources */ = {isa = PBXBuildFile; fileRef = B77CB9DB290169AB00C256A1 /* Int+Additions.swift */; };
		B77CB9DE290169BA00C256A1 /* TimeInterval+Additions.swift in Sources */ = {isa = PBXBuildFile; fileRef = B77CB9DD290169BA00C256A1 /* TimeInterval+Additions.swift */; };
/* End PBXBuildFile section */

/* Begin PBXContainerItemProxy section */
		B77CB9BA290141DB00C256A1 /* PBXContainerItemProxy */ = {
			isa = PBXContainerItemProxy;
			containerPortal = B77CB9A1290141DA00C256A1 /* Project object */;
			proxyType = 1;
			remoteGlobalIDString = B77CB9A8290141DA00C256A1;
			remoteInfo = "Rocket Focus 2";
		};
		B77CB9C4290141DB00C256A1 /* PBXContainerItemProxy */ = {
			isa = PBXContainerItemProxy;
			containerPortal = B77CB9A1290141DA00C256A1 /* Project object */;
			proxyType = 1;
			remoteGlobalIDString = B77CB9A8290141DA00C256A1;
			remoteInfo = "Rocket Focus 2";
		};
/* End PBXContainerItemProxy section */

/* Begin PBXFileReference section */
		B77CB9A9290141DA00C256A1 /* Rocket Focus 2.app */ = {isa = PBXFileReference; explicitFileType = wrapper.application; includeInIndex = 0; path = "Rocket Focus 2.app"; sourceTree = BUILT_PRODUCTS_DIR; };
		B77CB9AC290141DA00C256A1 /* Rocket_Focus_2App.swift */ = {isa = PBXFileReference; lastKnownFileType = sourcecode.swift; path = Rocket_Focus_2App.swift; sourceTree = "<group>"; };
		B77CB9AE290141DA00C256A1 /* ContentView.swift */ = {isa = PBXFileReference; lastKnownFileType = sourcecode.swift; path = ContentView.swift; sourceTree = "<group>"; };
		B77CB9B0290141DA00C256A1 /* Assets.xcassets */ = {isa = PBXFileReference; lastKnownFileType = folder.assetcatalog; path = Assets.xcassets; sourceTree = "<group>"; };
		B77CB9B3290141DA00C256A1 /* Preview Assets.xcassets */ = {isa = PBXFileReference; lastKnownFileType = folder.assetcatalog; path = "Preview Assets.xcassets"; sourceTree = "<group>"; };
		B77CB9B9290141DB00C256A1 /* Rocket Focus 2Tests.xctest */ = {isa = PBXFileReference; explicitFileType = wrapper.cfbundle; includeInIndex = 0; path = "Rocket Focus 2Tests.xctest"; sourceTree = BUILT_PRODUCTS_DIR; };
		B77CB9BD290141DB00C256A1 /* Rocket_Focus_2Tests.swift */ = {isa = PBXFileReference; lastKnownFileType = sourcecode.swift; path = Rocket_Focus_2Tests.swift; sourceTree = "<group>"; };
		B77CB9C3290141DB00C256A1 /* Rocket Focus 2UITests.xctest */ = {isa = PBXFileReference; explicitFileType = wrapper.cfbundle; includeInIndex = 0; path = "Rocket Focus 2UITests.xctest"; sourceTree = BUILT_PRODUCTS_DIR; };
		B77CB9C7290141DB00C256A1 /* Rocket_Focus_2UITests.swift */ = {isa = PBXFileReference; lastKnownFileType = sourcecode.swift; path = Rocket_Focus_2UITests.swift; sourceTree = "<group>"; };
		B77CB9C9290141DB00C256A1 /* Rocket_Focus_2UITestsLaunchTests.swift */ = {isa = PBXFileReference; lastKnownFileType = sourcecode.swift; path = Rocket_Focus_2UITestsLaunchTests.swift; sourceTree = "<group>"; };
		B77CB9D629014F2A00C256A1 /* TheRocketLab.playground */ = {isa = PBXFileReference; lastKnownFileType = file.playground; path = TheRocketLab.playground; sourceTree = "<group>"; xcLanguageSpecificationIdentifier = xcode.lang.swift; };
		B77CB9D72901691300C256A1 /* TimeHandler.swift */ = {isa = PBXFileReference; lastKnownFileType = sourcecode.swift; path = TimeHandler.swift; sourceTree = "<group>"; };
		B77CB9D92901693700C256A1 /* Constants.swift */ = {isa = PBXFileReference; lastKnownFileType = sourcecode.swift; path = Constants.swift; sourceTree = "<group>"; };
		B77CB9DB290169AB00C256A1 /* Int+Additions.swift */ = {isa = PBXFileReference; lastKnownFileType = sourcecode.swift; path = "Int+Additions.swift"; sourceTree = "<group>"; };
		B77CB9DD290169BA00C256A1 /* TimeInterval+Additions.swift */ = {isa = PBXFileReference; lastKnownFileType = sourcecode.swift; path = "TimeInterval+Additions.swift"; sourceTree = "<group>"; };
/* End PBXFileReference section */

/* Begin PBXFrameworksBuildPhase section */
		B77CB9A6290141DA00C256A1 /* Frameworks */ = {
			isa = PBXFrameworksBuildPhase;
			buildActionMask = 2147483647;
			files = (
			);
			runOnlyForDeploymentPostprocessing = 0;
		};
		B77CB9B6290141DB00C256A1 /* Frameworks */ = {
			isa = PBXFrameworksBuildPhase;
			buildActionMask = 2147483647;
			files = (
			);
			runOnlyForDeploymentPostprocessing = 0;
		};
		B77CB9C0290141DB00C256A1 /* Frameworks */ = {
			isa = PBXFrameworksBuildPhase;
			buildActionMask = 2147483647;
			files = (
			);
			runOnlyForDeploymentPostprocessing = 0;
		};
/* End PBXFrameworksBuildPhase section */

/* Begin PBXGroup section */
		B77CB9A0290141DA00C256A1 = {
			isa = PBXGroup;
			children = (
				B77CB9D629014F2A00C256A1 /* TheRocketLab.playground */,
				B77CB9AB290141DA00C256A1 /* Rocket Focus 2 */,
				B77CB9BC290141DB00C256A1 /* Rocket Focus 2Tests */,
				B77CB9C6290141DB00C256A1 /* Rocket Focus 2UITests */,
				B77CB9AA290141DA00C256A1 /* Products */,
			);
			sourceTree = "<group>";
		};
		B77CB9AA290141DA00C256A1 /* Products */ = {
			isa = PBXGroup;
			children = (
				B77CB9A9290141DA00C256A1 /* Rocket Focus 2.app */,
				B77CB9B9290141DB00C256A1 /* Rocket Focus 2Tests.xctest */,
				B77CB9C3290141DB00C256A1 /* Rocket Focus 2UITests.xctest */,
			);
			name = Products;
			sourceTree = "<group>";
		};
		B77CB9AB290141DA00C256A1 /* Rocket Focus 2 */ = {
			isa = PBXGroup;
			children = (
				B77CB9AC290141DA00C256A1 /* Rocket_Focus_2App.swift */,
				B77CB9AE290141DA00C256A1 /* ContentView.swift */,
				B77CB9D72901691300C256A1 /* TimeHandler.swift */,
				B77CB9D92901693700C256A1 /* Constants.swift */,
				B77CB9DB290169AB00C256A1 /* Int+Additions.swift */,
				B77CB9DD290169BA00C256A1 /* TimeInterval+Additions.swift */,
				B77CB9B0290141DA00C256A1 /* Assets.xcassets */,
				B77CB9B2290141DA00C256A1 /* Preview Content */,
			);
			path = "Rocket Focus 2";
			sourceTree = "<group>";
		};
		B77CB9B2290141DA00C256A1 /* Preview Content */ = {
			isa = PBXGroup;
			children = (
				B77CB9B3290141DA00C256A1 /* Preview Assets.xcassets */,
			);
			path = "Preview Content";
			sourceTree = "<group>";
		};
		B77CB9BC290141DB00C256A1 /* Rocket Focus 2Tests */ = {
			isa = PBXGroup;
			children = (
				B77CB9BD290141DB00C256A1 /* Rocket_Focus_2Tests.swift */,
			);
			path = "Rocket Focus 2Tests";
			sourceTree = "<group>";
		};
		B77CB9C6290141DB00C256A1 /* Rocket Focus 2UITests */ = {
			isa = PBXGroup;
			children = (
				B77CB9C7290141DB00C256A1 /* Rocket_Focus_2UITests.swift */,
				B77CB9C9290141DB00C256A1 /* Rocket_Focus_2UITestsLaunchTests.swift */,
			);
			path = "Rocket Focus 2UITests";
			sourceTree = "<group>";
		};
/* End PBXGroup section */

/* Begin PBXNativeTarget section */
		B77CB9A8290141DA00C256A1 /* Rocket Focus 2 */ = {
			isa = PBXNativeTarget;
			buildConfigurationList = B77CB9CD290141DB00C256A1 /* Build configuration list for PBXNativeTarget "Rocket Focus 2" */;
			buildPhases = (
				B77CB9A5290141DA00C256A1 /* Sources */,
				B77CB9A6290141DA00C256A1 /* Frameworks */,
				B77CB9A7290141DA00C256A1 /* Resources */,
			);
			buildRules = (
			);
			dependencies = (
			);
			name = "Rocket Focus 2";
			productName = "Rocket Focus 2";
			productReference = B77CB9A9290141DA00C256A1 /* Rocket Focus 2.app */;
			productType = "com.apple.product-type.application";
		};
		B77CB9B8290141DB00C256A1 /* Rocket Focus 2Tests */ = {
			isa = PBXNativeTarget;
			buildConfigurationList = B77CB9D0290141DB00C256A1 /* Build configuration list for PBXNativeTarget "Rocket Focus 2Tests" */;
			buildPhases = (
				B77CB9B5290141DB00C256A1 /* Sources */,
				B77CB9B6290141DB00C256A1 /* Frameworks */,
				B77CB9B7290141DB00C256A1 /* Resources */,
			);
			buildRules = (
			);
			dependencies = (
				B77CB9BB290141DB00C256A1 /* PBXTargetDependency */,
			);
			name = "Rocket Focus 2Tests";
			productName = "Rocket Focus 2Tests";
			productReference = B77CB9B9290141DB00C256A1 /* Rocket Focus 2Tests.xctest */;
			productType = "com.apple.product-type.bundle.unit-test";
		};
		B77CB9C2290141DB00C256A1 /* Rocket Focus 2UITests */ = {
			isa = PBXNativeTarget;
			buildConfigurationList = B77CB9D3290141DB00C256A1 /* Build configuration list for PBXNativeTarget "Rocket Focus 2UITests" */;
			buildPhases = (
				B77CB9BF290141DB00C256A1 /* Sources */,
				B77CB9C0290141DB00C256A1 /* Frameworks */,
				B77CB9C1290141DB00C256A1 /* Resources */,
			);
			buildRules = (
			);
			dependencies = (
				B77CB9C5290141DB00C256A1 /* PBXTargetDependency */,
			);
			name = "Rocket Focus 2UITests";
			productName = "Rocket Focus 2UITests";
			productReference = B77CB9C3290141DB00C256A1 /* Rocket Focus 2UITests.xctest */;
			productType = "com.apple.product-type.bundle.ui-testing";
		};
/* End PBXNativeTarget section */

/* Begin PBXProject section */
		B77CB9A1290141DA00C256A1 /* Project object */ = {
			isa = PBXProject;
			attributes = {
				BuildIndependentTargetsInParallel = 1;
				LastSwiftUpdateCheck = 1400;
				LastUpgradeCheck = 1400;
				TargetAttributes = {
					B77CB9A8290141DA00C256A1 = {
						CreatedOnToolsVersion = 14.0;
					};
					B77CB9B8290141DB00C256A1 = {
						CreatedOnToolsVersion = 14.0;
						TestTargetID = B77CB9A8290141DA00C256A1;
					};
					B77CB9C2290141DB00C256A1 = {
						CreatedOnToolsVersion = 14.0;
						TestTargetID = B77CB9A8290141DA00C256A1;
					};
				};
			};
			buildConfigurationList = B77CB9A4290141DA00C256A1 /* Build configuration list for PBXProject "Rocket Focus 2" */;
			compatibilityVersion = "Xcode 14.0";
			developmentRegion = en;
			hasScannedForEncodings = 0;
			knownRegions = (
				en,
				Base,
			);
			mainGroup = B77CB9A0290141DA00C256A1;
			productRefGroup = B77CB9AA290141DA00C256A1 /* Products */;
			projectDirPath = "";
			projectRoot = "";
			targets = (
				B77CB9A8290141DA00C256A1 /* Rocket Focus 2 */,
				B77CB9B8290141DB00C256A1 /* Rocket Focus 2Tests */,
				B77CB9C2290141DB00C256A1 /* Rocket Focus 2UITests */,
			);
		};
/* End PBXProject section */

/* Begin PBXResourcesBuildPhase section */
		B77CB9A7290141DA00C256A1 /* Resources */ = {
			isa = PBXResourcesBuildPhase;
			buildActionMask = 2147483647;
			files = (
				B77CB9B4290141DA00C256A1 /* Preview Assets.xcassets in Resources */,
				B77CB9B1290141DA00C256A1 /* Assets.xcassets in Resources */,
			);
			runOnlyForDeploymentPostprocessing = 0;
		};
		B77CB9B7290141DB00C256A1 /* Resources */ = {
			isa = PBXResourcesBuildPhase;
			buildActionMask = 2147483647;
			files = (
			);
			runOnlyForDeploymentPostprocessing = 0;
		};
		B77CB9C1290141DB00C256A1 /* Resources */ = {
			isa = PBXResourcesBuildPhase;
			buildActionMask = 2147483647;
			files = (
			);
			runOnlyForDeploymentPostprocessing = 0;
		};
/* End PBXResourcesBuildPhase section */

/* Begin PBXSourcesBuildPhase section */
		B77CB9A5290141DA00C256A1 /* Sources */ = {
			isa = PBXSourcesBuildPhase;
			buildActionMask = 2147483647;
			files = (
				B77CB9D82901691300C256A1 /* TimeHandler.swift in Sources */,
				B77CB9AF290141DA00C256A1 /* ContentView.swift in Sources */,
				B77CB9DC290169AB00C256A1 /* Int+Additions.swift in Sources */,
				B77CB9DE290169BA00C256A1 /* TimeInterval+Additions.swift in Sources */,
				B77CB9AD290141DA00C256A1 /* Rocket_Focus_2App.swift in Sources */,
				B77CB9DA2901693700C256A1 /* Constants.swift in Sources */,
			);
			runOnlyForDeploymentPostprocessing = 0;
		};
		B77CB9B5290141DB00C256A1 /* Sources */ = {
			isa = PBXSourcesBuildPhase;
			buildActionMask = 2147483647;
			files = (
				B77CB9BE290141DB00C256A1 /* Rocket_Focus_2Tests.swift in Sources */,
			);
			runOnlyForDeploymentPostprocessing = 0;
		};
		B77CB9BF290141DB00C256A1 /* Sources */ = {
			isa = PBXSourcesBuildPhase;
			buildActionMask = 2147483647;
			files = (
				B77CB9CA290141DB00C256A1 /* Rocket_Focus_2UITestsLaunchTests.swift in Sources */,
				B77CB9C8290141DB00C256A1 /* Rocket_Focus_2UITests.swift in Sources */,
			);
			runOnlyForDeploymentPostprocessing = 0;
		};
/* End PBXSourcesBuildPhase section */

/* Begin PBXTargetDependency section */
		B77CB9BB290141DB00C256A1 /* PBXTargetDependency */ = {
			isa = PBXTargetDependency;
			target = B77CB9A8290141DA00C256A1 /* Rocket Focus 2 */;
			targetProxy = B77CB9BA290141DB00C256A1 /* PBXContainerItemProxy */;
		};
		B77CB9C5290141DB00C256A1 /* PBXTargetDependency */ = {
			isa = PBXTargetDependency;
			target = B77CB9A8290141DA00C256A1 /* Rocket Focus 2 */;
			targetProxy = B77CB9C4290141DB00C256A1 /* PBXContainerItemProxy */;
		};
/* End PBXTargetDependency section */

/* Begin XCBuildConfiguration section */
		B77CB9CB290141DB00C256A1 /* Debug */ = {
			isa = XCBuildConfiguration;
			buildSettings = {
				ALWAYS_SEARCH_USER_PATHS = NO;
				CLANG_ANALYZER_NONNULL = YES;
				CLANG_ANALYZER_NUMBER_OBJECT_CONVERSION = YES_AGGRESSIVE;
				CLANG_CXX_LANGUAGE_STANDARD = "gnu++20";
				CLANG_ENABLE_MODULES = YES;
				CLANG_ENABLE_OBJC_ARC = YES;
				CLANG_ENABLE_OBJC_WEAK = YES;
				CLANG_WARN_BLOCK_CAPTURE_AUTORELEASING = YES;
				CLANG_WARN_BOOL_CONVERSION = YES;
				CLANG_WARN_COMMA = YES;
				CLANG_WARN_CONSTANT_CONVERSION = YES;
				CLANG_WARN_DEPRECATED_OBJC_IMPLEMENTATIONS = YES;
				CLANG_WARN_DIRECT_OBJC_ISA_USAGE = YES_ERROR;
				CLANG_WARN_DOCUMENTATION_COMMENTS = YES;
				CLANG_WARN_EMPTY_BODY = YES;
				CLANG_WARN_ENUM_CONVERSION = YES;
				CLANG_WARN_INFINITE_RECURSION = YES;
				CLANG_WARN_INT_CONVERSION = YES;
				CLANG_WARN_NON_LITERAL_NULL_CONVERSION = YES;
				CLANG_WARN_OBJC_IMPLICIT_RETAIN_SELF = YES;
				CLANG_WARN_OBJC_LITERAL_CONVERSION = YES;
				CLANG_WARN_OBJC_ROOT_CLASS = YES_ERROR;
				CLANG_WARN_QUOTED_INCLUDE_IN_FRAMEWORK_HEADER = YES;
				CLANG_WARN_RANGE_LOOP_ANALYSIS = YES;
				CLANG_WARN_STRICT_PROTOTYPES = YES;
				CLANG_WARN_SUSPICIOUS_MOVE = YES;
				CLANG_WARN_UNGUARDED_AVAILABILITY = YES_AGGRESSIVE;
				CLANG_WARN_UNREACHABLE_CODE = YES;
				CLANG_WARN__DUPLICATE_METHOD_MATCH = YES;
				COPY_PHASE_STRIP = NO;
				DEBUG_INFORMATION_FORMAT = dwarf;
				ENABLE_STRICT_OBJC_MSGSEND = YES;
				ENABLE_TESTABILITY = YES;
				GCC_C_LANGUAGE_STANDARD = gnu11;
				GCC_DYNAMIC_NO_PIC = NO;
				GCC_NO_COMMON_BLOCKS = YES;
				GCC_OPTIMIZATION_LEVEL = 0;
				GCC_PREPROCESSOR_DEFINITIONS = (
					"DEBUG=1",
					"$(inherited)",
				);
				GCC_WARN_64_TO_32_BIT_CONVERSION = YES;
				GCC_WARN_ABOUT_RETURN_TYPE = YES_ERROR;
				GCC_WARN_UNDECLARED_SELECTOR = YES;
				GCC_WARN_UNINITIALIZED_AUTOS = YES_AGGRESSIVE;
				GCC_WARN_UNUSED_FUNCTION = YES;
				GCC_WARN_UNUSED_VARIABLE = YES;
				IPHONEOS_DEPLOYMENT_TARGET = 16.0;
				MTL_ENABLE_DEBUG_INFO = INCLUDE_SOURCE;
				MTL_FAST_MATH = YES;
				ONLY_ACTIVE_ARCH = YES;
				SDKROOT = iphoneos;
				SWIFT_ACTIVE_COMPILATION_CONDITIONS = DEBUG;
				SWIFT_OPTIMIZATION_LEVEL = "-Onone";
			};
			name = Debug;
		};
		B77CB9CC290141DB00C256A1 /* Release */ = {
			isa = XCBuildConfiguration;
			buildSettings = {
				ALWAYS_SEARCH_USER_PATHS = NO;
				CLANG_ANALYZER_NONNULL = YES;
				CLANG_ANALYZER_NUMBER_OBJECT_CONVERSION = YES_AGGRESSIVE;
				CLANG_CXX_LANGUAGE_STANDARD = "gnu++20";
				CLANG_ENABLE_MODULES = YES;
				CLANG_ENABLE_OBJC_ARC = YES;
				CLANG_ENABLE_OBJC_WEAK = YES;
				CLANG_WARN_BLOCK_CAPTURE_AUTORELEASING = YES;
				CLANG_WARN_BOOL_CONVERSION = YES;
				CLANG_WARN_COMMA = YES;
				CLANG_WARN_CONSTANT_CONVERSION = YES;
				CLANG_WARN_DEPRECATED_OBJC_IMPLEMENTATIONS = YES;
				CLANG_WARN_DIRECT_OBJC_ISA_USAGE = YES_ERROR;
				CLANG_WARN_DOCUMENTATION_COMMENTS = YES;
				CLANG_WARN_EMPTY_BODY = YES;
				CLANG_WARN_ENUM_CONVERSION = YES;
				CLANG_WARN_INFINITE_RECURSION = YES;
				CLANG_WARN_INT_CONVERSION = YES;
				CLANG_WARN_NON_LITERAL_NULL_CONVERSION = YES;
				CLANG_WARN_OBJC_IMPLICIT_RETAIN_SELF = YES;
				CLANG_WARN_OBJC_LITERAL_CONVERSION = YES;
				CLANG_WARN_OBJC_ROOT_CLASS = YES_ERROR;
				CLANG_WARN_QUOTED_INCLUDE_IN_FRAMEWORK_HEADER = YES;
				CLANG_WARN_RANGE_LOOP_ANALYSIS = YES;
				CLANG_WARN_STRICT_PROTOTYPES = YES;
				CLANG_WARN_SUSPICIOUS_MOVE = YES;
				CLANG_WARN_UNGUARDED_AVAILABILITY = YES_AGGRESSIVE;
				CLANG_WARN_UNREACHABLE_CODE = YES;
				CLANG_WARN__DUPLICATE_METHOD_MATCH = YES;
				COPY_PHASE_STRIP = NO;
				DEBUG_INFORMATION_FORMAT = "dwarf-with-dsym";
				ENABLE_NS_ASSERTIONS = NO;
				ENABLE_STRICT_OBJC_MSGSEND = YES;
				GCC_C_LANGUAGE_STANDARD = gnu11;
				GCC_NO_COMMON_BLOCKS = YES;
				GCC_WARN_64_TO_32_BIT_CONVERSION = YES;
				GCC_WARN_ABOUT_RETURN_TYPE = YES_ERROR;
				GCC_WARN_UNDECLARED_SELECTOR = YES;
				GCC_WARN_UNINITIALIZED_AUTOS = YES_AGGRESSIVE;
				GCC_WARN_UNUSED_FUNCTION = YES;
				GCC_WARN_UNUSED_VARIABLE = YES;
				IPHONEOS_DEPLOYMENT_TARGET = 16.0;
				MTL_ENABLE_DEBUG_INFO = NO;
				MTL_FAST_MATH = YES;
				SDKROOT = iphoneos;
				SWIFT_COMPILATION_MODE = wholemodule;
				SWIFT_OPTIMIZATION_LEVEL = "-O";
				VALIDATE_PRODUCT = YES;
			};
			name = Release;
		};
		B77CB9CE290141DB00C256A1 /* Debug */ = {
			isa = XCBuildConfiguration;
			buildSettings = {
				ASSETCATALOG_COMPILER_APPICON_NAME = AppIcon;
				ASSETCATALOG_COMPILER_GLOBAL_ACCENT_COLOR_NAME = AccentColor;
				CODE_SIGN_STYLE = Automatic;
				CURRENT_PROJECT_VERSION = 1;
				DEVELOPMENT_ASSET_PATHS = "\"Rocket Focus 2/Preview Content\"";
				DEVELOPMENT_TEAM = L85D626Q4H;
				ENABLE_PREVIEWS = YES;
				GENERATE_INFOPLIST_FILE = YES;
				INFOPLIST_KEY_UIApplicationSceneManifest_Generation = YES;
				INFOPLIST_KEY_UIApplicationSupportsIndirectInputEvents = YES;
				INFOPLIST_KEY_UILaunchScreen_Generation = YES;
				INFOPLIST_KEY_UISupportedInterfaceOrientations_iPad = "UIInterfaceOrientationPortrait UIInterfaceOrientationPortraitUpsideDown UIInterfaceOrientationLandscapeLeft UIInterfaceOrientationLandscapeRight";
				INFOPLIST_KEY_UISupportedInterfaceOrientations_iPhone = "UIInterfaceOrientationPortrait UIInterfaceOrientationLandscapeLeft UIInterfaceOrientationLandscapeRight";
				LD_RUNPATH_SEARCH_PATHS = (
					"$(inherited)",
					"@executable_path/Frameworks",
				);
				MARKETING_VERSION = 1.0;
				PRODUCT_BUNDLE_IDENTIFIER = "Specineff00.Rocket-Focus-2";
				PRODUCT_NAME = "$(TARGET_NAME)";
				SWIFT_EMIT_LOC_STRINGS = YES;
				SWIFT_VERSION = 5.0;
				TARGETED_DEVICE_FAMILY = "1,2";
			};
			name = Debug;
		};
		B77CB9CF290141DB00C256A1 /* Release */ = {
			isa = XCBuildConfiguration;
			buildSettings = {
				ASSETCATALOG_COMPILER_APPICON_NAME = AppIcon;
				ASSETCATALOG_COMPILER_GLOBAL_ACCENT_COLOR_NAME = AccentColor;
				CODE_SIGN_STYLE = Automatic;
				CURRENT_PROJECT_VERSION = 1;
				DEVELOPMENT_ASSET_PATHS = "\"Rocket Focus 2/Preview Content\"";
				DEVELOPMENT_TEAM = L85D626Q4H;
				ENABLE_PREVIEWS = YES;
				GENERATE_INFOPLIST_FILE = YES;
				INFOPLIST_KEY_UIApplicationSceneManifest_Generation = YES;
				INFOPLIST_KEY_UIApplicationSupportsIndirectInputEvents = YES;
				INFOPLIST_KEY_UILaunchScreen_Generation = YES;
				INFOPLIST_KEY_UISupportedInterfaceOrientations_iPad = "UIInterfaceOrientationPortrait UIInterfaceOrientationPortraitUpsideDown UIInterfaceOrientationLandscapeLeft UIInterfaceOrientationLandscapeRight";
				INFOPLIST_KEY_UISupportedInterfaceOrientations_iPhone = "UIInterfaceOrientationPortrait UIInterfaceOrientationLandscapeLeft UIInterfaceOrientationLandscapeRight";
				LD_RUNPATH_SEARCH_PATHS = (
					"$(inherited)",
					"@executable_path/Frameworks",
				);
				MARKETING_VERSION = 1.0;
				PRODUCT_BUNDLE_IDENTIFIER = "Specineff00.Rocket-Focus-2";
				PRODUCT_NAME = "$(TARGET_NAME)";
				SWIFT_EMIT_LOC_STRINGS = YES;
				SWIFT_VERSION = 5.0;
				TARGETED_DEVICE_FAMILY = "1,2";
			};
			name = Release;
		};
		B77CB9D1290141DB00C256A1 /* Debug */ = {
			isa = XCBuildConfiguration;
			buildSettings = {
				ALWAYS_EMBED_SWIFT_STANDARD_LIBRARIES = YES;
				BUNDLE_LOADER = "$(TEST_HOST)";
				CODE_SIGN_STYLE = Automatic;
				CURRENT_PROJECT_VERSION = 1;
				DEVELOPMENT_TEAM = L85D626Q4H;
				GENERATE_INFOPLIST_FILE = YES;
				IPHONEOS_DEPLOYMENT_TARGET = 16.0;
				MARKETING_VERSION = 1.0;
				PRODUCT_BUNDLE_IDENTIFIER = "Specineff00.Rocket-Focus-2Tests";
				PRODUCT_NAME = "$(TARGET_NAME)";
				SWIFT_EMIT_LOC_STRINGS = NO;
				SWIFT_VERSION = 5.0;
				TARGETED_DEVICE_FAMILY = "1,2";
				TEST_HOST = "$(BUILT_PRODUCTS_DIR)/Rocket Focus 2.app/$(BUNDLE_EXECUTABLE_FOLDER_PATH)/Rocket Focus 2";
			};
			name = Debug;
		};
		B77CB9D2290141DB00C256A1 /* Release */ = {
			isa = XCBuildConfiguration;
			buildSettings = {
				ALWAYS_EMBED_SWIFT_STANDARD_LIBRARIES = YES;
				BUNDLE_LOADER = "$(TEST_HOST)";
				CODE_SIGN_STYLE = Automatic;
				CURRENT_PROJECT_VERSION = 1;
				DEVELOPMENT_TEAM = L85D626Q4H;
				GENERATE_INFOPLIST_FILE = YES;
				IPHONEOS_DEPLOYMENT_TARGET = 16.0;
				MARKETING_VERSION = 1.0;
				PRODUCT_BUNDLE_IDENTIFIER = "Specineff00.Rocket-Focus-2Tests";
				PRODUCT_NAME = "$(TARGET_NAME)";
				SWIFT_EMIT_LOC_STRINGS = NO;
				SWIFT_VERSION = 5.0;
				TARGETED_DEVICE_FAMILY = "1,2";
				TEST_HOST = "$(BUILT_PRODUCTS_DIR)/Rocket Focus 2.app/$(BUNDLE_EXECUTABLE_FOLDER_PATH)/Rocket Focus 2";
			};
			name = Release;
		};
		B77CB9D4290141DB00C256A1 /* Debug */ = {
			isa = XCBuildConfiguration;
			buildSettings = {
				ALWAYS_EMBED_SWIFT_STANDARD_LIBRARIES = YES;
				CODE_SIGN_STYLE = Automatic;
				CURRENT_PROJECT_VERSION = 1;
				DEVELOPMENT_TEAM = L85D626Q4H;
				GENERATE_INFOPLIST_FILE = YES;
				MARKETING_VERSION = 1.0;
				PRODUCT_BUNDLE_IDENTIFIER = "Specineff00.Rocket-Focus-2UITests";
				PRODUCT_NAME = "$(TARGET_NAME)";
				SWIFT_EMIT_LOC_STRINGS = NO;
				SWIFT_VERSION = 5.0;
				TARGETED_DEVICE_FAMILY = "1,2";
				TEST_TARGET_NAME = "Rocket Focus 2";
			};
			name = Debug;
		};
		B77CB9D5290141DB00C256A1 /* Release */ = {
			isa = XCBuildConfiguration;
			buildSettings = {
				ALWAYS_EMBED_SWIFT_STANDARD_LIBRARIES = YES;
				CODE_SIGN_STYLE = Automatic;
				CURRENT_PROJECT_VERSION = 1;
				DEVELOPMENT_TEAM = L85D626Q4H;
				GENERATE_INFOPLIST_FILE = YES;
				MARKETING_VERSION = 1.0;
				PRODUCT_BUNDLE_IDENTIFIER = "Specineff00.Rocket-Focus-2UITests";
				PRODUCT_NAME = "$(TARGET_NAME)";
				SWIFT_EMIT_LOC_STRINGS = NO;
				SWIFT_VERSION = 5.0;
				TARGETED_DEVICE_FAMILY = "1,2";
				TEST_TARGET_NAME = "Rocket Focus 2";
			};
			name = Release;
		};
/* End XCBuildConfiguration section */

/* Begin XCConfigurationList section */
		B77CB9A4290141DA00C256A1 /* Build configuration list for PBXProject "Rocket Focus 2" */ = {
			isa = XCConfigurationList;
			buildConfigurations = (
				B77CB9CB290141DB00C256A1 /* Debug */,
				B77CB9CC290141DB00C256A1 /* Release */,
			);
			defaultConfigurationIsVisible = 0;
			defaultConfigurationName = Release;
		};
		B77CB9CD290141DB00C256A1 /* Build configuration list for PBXNativeTarget "Rocket Focus 2" */ = {
			isa = XCConfigurationList;
			buildConfigurations = (
				B77CB9CE290141DB00C256A1 /* Debug */,
				B77CB9CF290141DB00C256A1 /* Release */,
			);
			defaultConfigurationIsVisible = 0;
			defaultConfigurationName = Release;
		};
		B77CB9D0290141DB00C256A1 /* Build configuration list for PBXNativeTarget "Rocket Focus 2Tests" */ = {
			isa = XCConfigurationList;
			buildConfigurations = (
				B77CB9D1290141DB00C256A1 /* Debug */,
				B77CB9D2290141DB00C256A1 /* Release */,
			);
			defaultConfigurationIsVisible = 0;
			defaultConfigurationName = Release;
		};
		B77CB9D3290141DB00C256A1 /* Build configuration list for PBXNativeTarget "Rocket Focus 2UITests" */ = {
			isa = XCConfigurationList;
			buildConfigurations = (
				B77CB9D4290141DB00C256A1 /* Debug */,
				B77CB9D5290141DB00C256A1 /* Release */,
			);
			defaultConfigurationIsVisible = 0;
			defaultConfigurationName = Release;
		};
/* End XCConfigurationList section */
	};
	rootObject = B77CB9A1290141DA00C256A1 /* Project object */;
}
